
Microsoft Visual Studio Solution File, Format Version 12.00
# Visual Studio Version 17
VisualStudioVersion = 17.9.34728.123
MinimumVisualStudioVersion = 10.0.40219.1
Project("{9A19103F-16F7-4668-BE54-9A1E7A4F7556}") = "MvcMovie", "MvcMovie\MvcMovie.csproj", "{A9FA3149-FC2A-42C5-954C-BDD675E2EBF8}"
EndProject
Project("{FAE04EC0-301F-11D3-BF4B-00C04F79EFBC}") = "MvcMovieTests", "MvcMovieTests\MvcMovieTests.csproj", "{A429E185-795F-4C07-9BF6-2CFC668CFBAF}"
EndProject
Global
	GlobalSection(SolutionConfigurationPlatforms) = preSolution
		Debug|Any CPU = Debug|Any CPU
		Release|Any CPU = Release|Any CPU
	EndGlobalSection
	GlobalSection(ProjectConfigurationPlatforms) = postSolution
		{A9FA3149-FC2A-42C5-954C-BDD675E2EBF8}.Debug|Any CPU.ActiveCfg = Debug|Any CPU
		{A9FA3149-FC2A-42C5-954C-BDD675E2EBF8}.Debug|Any CPU.Build.0 = Debug|Any CPU
		{A9FA3149-FC2A-42C5-954C-BDD675E2EBF8}.Release|Any CPU.ActiveCfg = Release|Any CPU
		{A9FA3149-FC2A-42C5-954C-BDD675E2EBF8}.Release|Any CPU.Build.0 = Release|Any CPU
		{A429E185-795F-4C07-9BF6-2CFC668CFBAF}.Debug|Any CPU.ActiveCfg = Debug|Any CPU
		{A429E185-795F-4C07-9BF6-2CFC668CFBAF}.Debug|Any CPU.Build.0 = Debug|Any CPU
		{A429E185-795F-4C07-9BF6-2CFC668CFBAF}.Release|Any CPU.ActiveCfg = Release|Any CPU
		{A429E185-795F-4C07-9BF6-2CFC668CFBAF}.Release|Any CPU.Build.0 = Release|Any CPU
	EndGlobalSection
	GlobalSection(SolutionProperties) = preSolution
		HideSolutionNode = FALSE
	EndGlobalSection
	GlobalSection(ExtensibilityGlobals) = postSolution
		SolutionGuid = {D5584E2D-EC33-4DD0-8505-4CD88015F18D}
	EndGlobalSection
EndGlobal
